// !$*UTF8*$!
{
	archiveVersion = 1;
	classes = {
	};
	objectVersion = 50;
	objects = {

/* Begin PBXBuildFile section */
		3D316FF52481A4A4009A6952 /* AppDelegate.swift in Sources */ = {isa = PBXBuildFile; fileRef = 3D316FF42481A4A4009A6952 /* AppDelegate.swift */; };
		3D316FF72481A4A4009A6952 /* SceneDelegate.swift in Sources */ = {isa = PBXBuildFile; fileRef = 3D316FF62481A4A4009A6952 /* SceneDelegate.swift */; };
		3D316FF92481A4A4009A6952 /* ViewController.swift in Sources */ = {isa = PBXBuildFile; fileRef = 3D316FF82481A4A4009A6952 /* ViewController.swift */; };
		3D316FFC2481A4A4009A6952 /* Main.storyboard in Resources */ = {isa = PBXBuildFile; fileRef = 3D316FFA2481A4A4009A6952 /* Main.storyboard */; };
		3D316FFE2481A4A7009A6952 /* Assets.xcassets in Resources */ = {isa = PBXBuildFile; fileRef = 3D316FFD2481A4A7009A6952 /* Assets.xcassets */; };
		3D3170012481A4A7009A6952 /* LaunchScreen.storyboard in Resources */ = {isa = PBXBuildFile; fileRef = 3D316FFF2481A4A7009A6952 /* LaunchScreen.storyboard */; };
		3D31700B24823E5E009A6952 /* MoviesClient.swift in Sources */ = {isa = PBXBuildFile; fileRef = 3D31700A24823E5E009A6952 /* MoviesClient.swift */; };
		3D31700D248256BA009A6952 /* TableCell.swift in Sources */ = {isa = PBXBuildFile; fileRef = 3D31700C248256BA009A6952 /* TableCell.swift */; };
		3D31700F2494CC5D009A6952 /* DetailController.swift in Sources */ = {isa = PBXBuildFile; fileRef = 3D31700E2494CC5D009A6952 /* DetailController.swift */; };
		3D31701124961499009A6952 /* TextUtility.swift in Sources */ = {isa = PBXBuildFile; fileRef = 3D31701024961499009A6952 /* TextUtility.swift */; };
		FC42FFAB249C95F8001A6AB6 /* MovieViewModel.swift in Sources */ = {isa = PBXBuildFile; fileRef = FC42FFAA249C95F8001A6AB6 /* MovieViewModel.swift */; };
		FC42FFAF249D2CD0001A6AB6 /* MovieDetailView.swift in Sources */ = {isa = PBXBuildFile; fileRef = FC42FFAE249D2CD0001A6AB6 /* MovieDetailView.swift */; };
/* End PBXBuildFile section */

/* Begin PBXFileReference section */
		3D316FF12481A4A4009A6952 /* TopMovies.app */ = {isa = PBXFileReference; explicitFileType = wrapper.application; includeInIndex = 0; path = TopMovies.app; sourceTree = BUILT_PRODUCTS_DIR; };
		3D316FF42481A4A4009A6952 /* AppDelegate.swift */ = {isa = PBXFileReference; lastKnownFileType = sourcecode.swift; path = AppDelegate.swift; sourceTree = "<group>"; };
		3D316FF62481A4A4009A6952 /* SceneDelegate.swift */ = {isa = PBXFileReference; lastKnownFileType = sourcecode.swift; path = SceneDelegate.swift; sourceTree = "<group>"; };
		3D316FF82481A4A4009A6952 /* ViewController.swift */ = {isa = PBXFileReference; lastKnownFileType = sourcecode.swift; path = ViewController.swift; sourceTree = "<group>"; };
		3D316FFB2481A4A4009A6952 /* Base */ = {isa = PBXFileReference; lastKnownFileType = file.storyboard; name = Base; path = Base.lproj/Main.storyboard; sourceTree = "<group>"; };
		3D316FFD2481A4A7009A6952 /* Assets.xcassets */ = {isa = PBXFileReference; lastKnownFileType = folder.assetcatalog; path = Assets.xcassets; sourceTree = "<group>"; };
		3D3170002481A4A7009A6952 /* Base */ = {isa = PBXFileReference; lastKnownFileType = file.storyboard; name = Base; path = Base.lproj/LaunchScreen.storyboard; sourceTree = "<group>"; };
		3D3170022481A4A7009A6952 /* Info.plist */ = {isa = PBXFileReference; lastKnownFileType = text.plist.xml; path = Info.plist; sourceTree = "<group>"; };
		3D31700A24823E5E009A6952 /* MoviesClient.swift */ = {isa = PBXFileReference; lastKnownFileType = sourcecode.swift; path = MoviesClient.swift; sourceTree = "<group>"; };
		3D31700C248256BA009A6952 /* TableCell.swift */ = {isa = PBXFileReference; lastKnownFileType = sourcecode.swift; path = TableCell.swift; sourceTree = "<group>"; };
		3D31700E2494CC5D009A6952 /* DetailController.swift */ = {isa = PBXFileReference; lastKnownFileType = sourcecode.swift; path = DetailController.swift; sourceTree = "<group>"; };
		3D31701024961499009A6952 /* TextUtility.swift */ = {isa = PBXFileReference; lastKnownFileType = sourcecode.swift; path = TextUtility.swift; sourceTree = "<group>"; };
		FC42FFAA249C95F8001A6AB6 /* MovieViewModel.swift */ = {isa = PBXFileReference; lastKnownFileType = sourcecode.swift; path = MovieViewModel.swift; sourceTree = "<group>"; };
		FC42FFAE249D2CD0001A6AB6 /* MovieDetailView.swift */ = {isa = PBXFileReference; lastKnownFileType = sourcecode.swift; path = MovieDetailView.swift; sourceTree = "<group>"; };
/* End PBXFileReference section */

/* Begin PBXFrameworksBuildPhase section */
		3D316FEE2481A4A3009A6952 /* Frameworks */ = {
			isa = PBXFrameworksBuildPhase;
			buildActionMask = 2147483647;
			files = (
			);
			runOnlyForDeploymentPostprocessing = 0;
		};
/* End PBXFrameworksBuildPhase section */

/* Begin PBXGroup section */
		3D316FE82481A4A3009A6952 = {
			isa = PBXGroup;
			children = (
				3D316FF32481A4A4009A6952 /* TopMovies */,
				3D316FF22481A4A4009A6952 /* Products */,
			);
			sourceTree = "<group>";
		};
		3D316FF22481A4A4009A6952 /* Products */ = {
			isa = PBXGroup;
			children = (
				3D316FF12481A4A4009A6952 /* TopMovies.app */,
			);
			name = Products;
			sourceTree = "<group>";
		};
		3D316FF32481A4A4009A6952 /* TopMovies */ = {
			isa = PBXGroup;
			children = (
				FC42FFAD249D2BD8001A6AB6 /* Views */,
				FC42FFAC249D2BC1001A6AB6 /* Controllers */,
				3D316FF42481A4A4009A6952 /* AppDelegate.swift */,
				3D316FF62481A4A4009A6952 /* SceneDelegate.swift */,
				3D316FFA2481A4A4009A6952 /* Main.storyboard */,
				3D316FFD2481A4A7009A6952 /* Assets.xcassets */,
				3D316FFF2481A4A7009A6952 /* LaunchScreen.storyboard */,
				3D3170022481A4A7009A6952 /* Info.plist */,
				3D31700A24823E5E009A6952 /* MoviesClient.swift */,
				3D31701024961499009A6952 /* TextUtility.swift */,
				FC42FFAA249C95F8001A6AB6 /* MovieViewModel.swift */,
			);
			path = TopMovies;
			sourceTree = "<group>";
		};
		FC42FFAC249D2BC1001A6AB6 /* Controllers */ = {
			isa = PBXGroup;
			children = (
				3D31700E2494CC5D009A6952 /* DetailController.swift */,
				3D316FF82481A4A4009A6952 /* ViewController.swift */,
			);
			path = Controllers;
			sourceTree = "<group>";
		};
		FC42FFAD249D2BD8001A6AB6 /* Views */ = {
			isa = PBXGroup;
			children = (
				3D31700C248256BA009A6952 /* TableCell.swift */,
				FC42FFAE249D2CD0001A6AB6 /* MovieDetailView.swift */,
			);
			path = Views;
			sourceTree = "<group>";
		};
/* End PBXGroup section */

/* Begin PBXNativeTarget section */
		3D316FF02481A4A3009A6952 /* TopMovies */ = {
			isa = PBXNativeTarget;
			buildConfigurationList = 3D3170052481A4A7009A6952 /* Build configuration list for PBXNativeTarget "TopMovies" */;
			buildPhases = (
				3D316FED2481A4A3009A6952 /* Sources */,
				3D316FEE2481A4A3009A6952 /* Frameworks */,
				3D316FEF2481A4A3009A6952 /* Resources */,
			);
			buildRules = (
			);
			dependencies = (
			);
			name = TopMovies;
			productName = TopMovies;
			productReference = 3D316FF12481A4A4009A6952 /* TopMovies.app */;
			productType = "com.apple.product-type.application";
		};
/* End PBXNativeTarget section */

/* Begin PBXProject section */
		3D316FE92481A4A3009A6952 /* Project object */ = {
			isa = PBXProject;
			attributes = {
				LastSwiftUpdateCheck = 1140;
				LastUpgradeCheck = 1140;
				ORGANIZATIONNAME = "Vipan K Singh";
				TargetAttributes = {
					3D316FF02481A4A3009A6952 = {
						CreatedOnToolsVersion = 11.4;
					};
				};
			};
			buildConfigurationList = 3D316FEC2481A4A3009A6952 /* Build configuration list for PBXProject "TopMovies" */;
			compatibilityVersion = "Xcode 9.3";
			developmentRegion = en;
			hasScannedForEncodings = 0;
			knownRegions = (
				en,
				Base,
			);
			mainGroup = 3D316FE82481A4A3009A6952;
			productRefGroup = 3D316FF22481A4A4009A6952 /* Products */;
			projectDirPath = "";
			projectRoot = "";
			targets = (
				3D316FF02481A4A3009A6952 /* TopMovies */,
			);
		};
/* End PBXProject section */

/* Begin PBXResourcesBuildPhase section */
		3D316FEF2481A4A3009A6952 /* Resources */ = {
			isa = PBXResourcesBuildPhase;
			buildActionMask = 2147483647;
			files = (
				3D3170012481A4A7009A6952 /* LaunchScreen.storyboard in Resources */,
				3D316FFE2481A4A7009A6952 /* Assets.xcassets in Resources */,
				3D316FFC2481A4A4009A6952 /* Main.storyboard in Resources */,
			);
			runOnlyForDeploymentPostprocessing = 0;
		};
/* End PBXResourcesBuildPhase section */

/* Begin PBXSourcesBuildPhase section */
		3D316FED2481A4A3009A6952 /* Sources */ = {
			isa = PBXSourcesBuildPhase;
			buildActionMask = 2147483647;
			files = (
				3D31700D248256BA009A6952 /* TableCell.swift in Sources */,
				3D31700F2494CC5D009A6952 /* DetailController.swift in Sources */,
				3D316FF92481A4A4009A6952 /* ViewController.swift in Sources */,
				FC42FFAF249D2CD0001A6AB6 /* MovieDetailView.swift in Sources */,
				3D316FF52481A4A4009A6952 /* AppDelegate.swift in Sources */,
				3D316FF72481A4A4009A6952 /* SceneDelegate.swift in Sources */,
				FC42FFAB249C95F8001A6AB6 /* MovieViewModel.swift in Sources */,
				3D31701124961499009A6952 /* TextUtility.swift in Sources */,
				3D31700B24823E5E009A6952 /* MoviesClient.swift in Sources */,
			);
			runOnlyForDeploymentPostprocessing = 0;
		};
/* End PBXSourcesBuildPhase section */

/* Begin PBXVariantGroup section */
		3D316FFA2481A4A4009A6952 /* Main.storyboard */ = {
			isa = PBXVariantGroup;
			children = (
				3D316FFB2481A4A4009A6952 /* Base */,
			);
			name = Main.storyboard;
			sourceTree = "<group>";
		};
		3D316FFF2481A4A7009A6952 /* LaunchScreen.storyboard */ = {
			isa = PBXVariantGroup;
			children = (
				3D3170002481A4A7009A6952 /* Base */,
			);
			name = LaunchScreen.storyboard;
			sourceTree = "<group>";
		};
/* End PBXVariantGroup section */

/* Begin XCBuildConfiguration section */
		3D3170032481A4A7009A6952 /* Debug */ = {
			isa = XCBuildConfiguration;
			buildSettings = {
				ALWAYS_SEARCH_USER_PATHS = NO;
				CLANG_ANALYZER_NONNULL = YES;
				CLANG_ANALYZER_NUMBER_OBJECT_CONVERSION = YES_AGGRESSIVE;
				CLANG_CXX_LANGUAGE_STANDARD = "gnu++14";
				CLANG_CXX_LIBRARY = "libc++";
				CLANG_ENABLE_MODULES = YES;
				CLANG_ENABLE_OBJC_ARC = YES;
				CLANG_ENABLE_OBJC_WEAK = YES;
				CLANG_WARN_BLOCK_CAPTURE_AUTORELEASING = YES;
				CLANG_WARN_BOOL_CONVERSION = YES;
				CLANG_WARN_COMMA = YES;
				CLANG_WARN_CONSTANT_CONVERSION = YES;
				CLANG_WARN_DEPRECATED_OBJC_IMPLEMENTATIONS = YES;
				CLANG_WARN_DIRECT_OBJC_ISA_USAGE = YES_ERROR;
				CLANG_WARN_DOCUMENTATION_COMMENTS = YES;
				CLANG_WARN_EMPTY_BODY = YES;
				CLANG_WARN_ENUM_CONVERSION = YES;
				CLANG_WARN_INFINITE_RECURSION = YES;
				CLANG_WARN_INT_CONVERSION = YES;
				CLANG_WARN_NON_LITERAL_NULL_CONVERSION = YES;
				CLANG_WARN_OBJC_IMPLICIT_RETAIN_SELF = YES;
				CLANG_WARN_OBJC_LITERAL_CONVERSION = YES;
				CLANG_WARN_OBJC_ROOT_CLASS = YES_ERROR;
				CLANG_WARN_RANGE_LOOP_ANALYSIS = YES;
				CLANG_WARN_STRICT_PROTOTYPES = YES;
				CLANG_WARN_SUSPICIOUS_MOVE = YES;
				CLANG_WARN_UNGUARDED_AVAILABILITY = YES_AGGRESSIVE;
				CLANG_WARN_UNREACHABLE_CODE = YES;
				CLANG_WARN__DUPLICATE_METHOD_MATCH = YES;
				COPY_PHASE_STRIP = NO;
				DEBUG_INFORMATION_FORMAT = dwarf;
				ENABLE_STRICT_OBJC_MSGSEND = YES;
				ENABLE_TESTABILITY = YES;
				GCC_C_LANGUAGE_STANDARD = gnu11;
				GCC_DYNAMIC_NO_PIC = NO;
				GCC_NO_COMMON_BLOCKS = YES;
				GCC_OPTIMIZATION_LEVEL = 0;
				GCC_PREPROCESSOR_DEFINITIONS = (
					"DEBUG=1",
					"$(inherited)",
				);
				GCC_WARN_64_TO_32_BIT_CONVERSION = YES;
				GCC_WARN_ABOUT_RETURN_TYPE = YES_ERROR;
				GCC_WARN_UNDECLARED_SELECTOR = YES;
				GCC_WARN_UNINITIALIZED_AUTOS = YES_AGGRESSIVE;
				GCC_WARN_UNUSED_FUNCTION = YES;
				GCC_WARN_UNUSED_VARIABLE = YES;
				IPHONEOS_DEPLOYMENT_TARGET = 13.4;
				MTL_ENABLE_DEBUG_INFO = INCLUDE_SOURCE;
				MTL_FAST_MATH = YES;
				ONLY_ACTIVE_ARCH = YES;
				SDKROOT = iphoneos;
				SWIFT_ACTIVE_COMPILATION_CONDITIONS = DEBUG;
				SWIFT_OPTIMIZATION_LEVEL = "-Onone";
			};
			name = Debug;
		};
		3D3170042481A4A7009A6952 /* Release */ = {
			isa = XCBuildConfiguration;
			buildSettings = {
				ALWAYS_SEARCH_USER_PATHS = NO;
				CLANG_ANALYZER_NONNULL = YES;
				CLANG_ANALYZER_NUMBER_OBJECT_CONVERSION = YES_AGGRESSIVE;
				CLANG_CXX_LANGUAGE_STANDARD = "gnu++14";
				CLANG_CXX_LIBRARY = "libc++";
				CLANG_ENABLE_MODULES = YES;
				CLANG_ENABLE_OBJC_ARC = YES;
				CLANG_ENABLE_OBJC_WEAK = YES;
				CLANG_WARN_BLOCK_CAPTURE_AUTORELEASING = YES;
				CLANG_WARN_BOOL_CONVERSION = YES;
				CLANG_WARN_COMMA = YES;
				CLANG_WARN_CONSTANT_CONVERSION = YES;
				CLANG_WARN_DEPRECATED_OBJC_IMPLEMENTATIONS = YES;
				CLANG_WARN_DIRECT_OBJC_ISA_USAGE = YES_ERROR;
				CLANG_WARN_DOCUMENTATION_COMMENTS = YES;
				CLANG_WARN_EMPTY_BODY = YES;
				CLANG_WARN_ENUM_CONVERSION = YES;
				CLANG_WARN_INFINITE_RECURSION = YES;
				CLANG_WARN_INT_CONVERSION = YES;
				CLANG_WARN_NON_LITERAL_NULL_CONVERSION = YES;
				CLANG_WARN_OBJC_IMPLICIT_RETAIN_SELF = YES;
				CLANG_WARN_OBJC_LITERAL_CONVERSION = YES;
				CLANG_WARN_OBJC_ROOT_CLASS = YES_ERROR;
				CLANG_WARN_RANGE_LOOP_ANALYSIS = YES;
				CLANG_WARN_STRICT_PROTOTYPES = YES;
				CLANG_WARN_SUSPICIOUS_MOVE = YES;
				CLANG_WARN_UNGUARDED_AVAILABILITY = YES_AGGRESSIVE;
				CLANG_WARN_UNREACHABLE_CODE = YES;
				CLANG_WARN__DUPLICATE_METHOD_MATCH = YES;
				COPY_PHASE_STRIP = NO;
				DEBUG_INFORMATION_FORMAT = "dwarf-with-dsym";
				ENABLE_NS_ASSERTIONS = NO;
				ENABLE_STRICT_OBJC_MSGSEND = YES;
				GCC_C_LANGUAGE_STANDARD = gnu11;
				GCC_NO_COMMON_BLOCKS = YES;
				GCC_WARN_64_TO_32_BIT_CONVERSION = YES;
				GCC_WARN_ABOUT_RETURN_TYPE = YES_ERROR;
				GCC_WARN_UNDECLARED_SELECTOR = YES;
				GCC_WARN_UNINITIALIZED_AUTOS = YES_AGGRESSIVE;
				GCC_WARN_UNUSED_FUNCTION = YES;
				GCC_WARN_UNUSED_VARIABLE = YES;
				IPHONEOS_DEPLOYMENT_TARGET = 13.4;
				MTL_ENABLE_DEBUG_INFO = NO;
				MTL_FAST_MATH = YES;
				SDKROOT = iphoneos;
				SWIFT_COMPILATION_MODE = wholemodule;
				SWIFT_OPTIMIZATION_LEVEL = "-O";
				VALIDATE_PRODUCT = YES;
			};
			name = Release;
		};
		3D3170062481A4A7009A6952 /* Debug */ = {
			isa = XCBuildConfiguration;
			buildSettings = {
				ASSETCATALOG_COMPILER_APPICON_NAME = AppIcon;
				CODE_SIGN_STYLE = Automatic;
				INFOPLIST_FILE = TopMovies/Info.plist;
				LD_RUNPATH_SEARCH_PATHS = (
					"$(inherited)",
					"@executable_path/Frameworks",
				);
				PRODUCT_BUNDLE_IDENTIFIER = com.vksinghh.TopMovies;
				PRODUCT_NAME = "$(TARGET_NAME)";
				SWIFT_VERSION = 5.0;
				TARGETED_DEVICE_FAMILY = "1,2";
			};
			name = Debug;
		};
		3D3170072481A4A7009A6952 /* Release */ = {
			isa = XCBuildConfiguration;
			buildSettings = {
				ASSETCATALOG_COMPILER_APPICON_NAME = AppIcon;
				CODE_SIGN_STYLE = Automatic;
				INFOPLIST_FILE = TopMovies/Info.plist;
				LD_RUNPATH_SEARCH_PATHS = (
					"$(inherited)",
					"@executable_path/Frameworks",
				);
				PRODUCT_BUNDLE_IDENTIFIER = com.vksinghh.TopMovies;
				PRODUCT_NAME = "$(TARGET_NAME)";
				SWIFT_VERSION = 5.0;
				TARGETED_DEVICE_FAMILY = "1,2";
			};
			name = Release;
		};
/* End XCBuildConfiguration section */

/* Begin XCConfigurationList section */
		3D316FEC2481A4A3009A6952 /* Build configuration list for PBXProject "TopMovies" */ = {
			isa = XCConfigurationList;
			buildConfigurations = (
				3D3170032481A4A7009A6952 /* Debug */,
				3D3170042481A4A7009A6952 /* Release */,
			);
			defaultConfigurationIsVisible = 0;
			defaultConfigurationName = Release;
		};
		3D3170052481A4A7009A6952 /* Build configuration list for PBXNativeTarget "TopMovies" */ = {
			isa = XCConfigurationList;
			buildConfigurations = (
				3D3170062481A4A7009A6952 /* Debug */,
				3D3170072481A4A7009A6952 /* Release */,
			);
			defaultConfigurationIsVisible = 0;
			defaultConfigurationName = Release;
		};
/* End XCConfigurationList section */
	};
	rootObject = 3D316FE92481A4A3009A6952 /* Project object */;
}
